{
  "pins" : [
    {
      "identity" : "abseil-cpp-swiftpm",
      "kind" : "remoteSourceControl",
      "location" : "https://github.com/firebase/abseil-cpp-SwiftPM.git",
      "state" : {
        "revision" : "583de9bd60f66b40e78d08599cc92036c2e7e4e1",
        "version" : "0.20220203.2"
      }
    },
    {
      "identity" : "activelabel.swift",
      "kind" : "remoteSourceControl",
      "location" : "https://github.com/optonaut/ActiveLabel.swift.git",
      "state" : {
        "revision" : "36949c1a69ef8b40574da20c9e24b115f387b1cf",
        "version" : "1.1.5"
      }
    },
    {
      "identity" : "alamofire",
      "kind" : "remoteSourceControl",
      "location" : "https://github.com/Alamofire/Alamofire.git",
      "state" : {
        "revision" : "3dc6a42c7727c49bf26508e29b0a0b35f9c7e1ad",
        "version" : "5.8.1"
      }
    },
    {
      "identity" : "appauth-ios",
      "kind" : "remoteSourceControl",
      "location" : "https://github.com/openid/AppAuth-iOS.git",
      "state" : {
        "revision" : "71cde449f13d453227e687458144bde372d30fc7",
        "version" : "1.6.2"
      }
    },
    {
      "identity" : "aws-sdk-ios-spm",
      "kind" : "remoteSourceControl",
      "location" : "https://github.com/aws-amplify/aws-sdk-ios-spm.git",
      "state" : {
        "revision" : "b48edebc0728a000f55e300b74fbce516d9a85de",
        "version" : "2.33.5"
      }
    },
    {
      "identity" : "boringssl-swiftpm",
      "kind" : "remoteSourceControl",
      "location" : "https://github.com/firebase/boringssl-SwiftPM.git",
      "state" : {
        "revision" : "dd3eda2b05a3f459fc3073695ad1b28659066eab",
        "version" : "0.9.1"
      }
    },
    {
      "identity" : "charts",
      "kind" : "remoteSourceControl",
      "location" : "https://github.com/danielgindi/Charts.git",
      "state" : {
        "revision" : "0a229f8c914b0ec93798cee058cf75b339297513",
        "version" : "5.0.0"
      }
    },
    {
      "identity" : "facebook-ios-sdk",
      "kind" : "remoteSourceControl",
      "location" : "https://github.com/facebook/facebook-ios-sdk.git",
      "state" : {
        "revision" : "e14f349945ba3f9516e3292107f42be19fe9fbe5",
        "version" : "12.3.2"
      }
    },
    {
      "identity" : "firebase-ios-sdk",
      "kind" : "remoteSourceControl",
      "location" : "https://github.com/firebase/firebase-ios-sdk.git",
      "state" : {
        "revision" : "7e80c25b51c2ffa238879b07fbfc5baa54bb3050",
        "version" : "9.6.0"
      }
    },
    {
      "identity" : "fittedsheets",
      "kind" : "remoteSourceControl",
      "location" : "https://github.com/gordontucker/FittedSheets.git",
      "state" : {
        "revision" : "5d7f5a6307ad510aa05de5a4a16ac40846d3b2d3",
        "version" : "2.6.1"
      }
    },
    {
      "identity" : "googleappmeasurement",
      "kind" : "remoteSourceControl",
      "location" : "https://github.com/google/GoogleAppMeasurement.git",
      "state" : {
        "revision" : "c1cfde8067668027b23a42c29d11c246152fe046",
        "version" : "9.6.0"
      }
    },
    {
      "identity" : "googledatatransport",
      "kind" : "remoteSourceControl",
      "location" : "https://github.com/google/GoogleDataTransport.git",
      "state" : {
        "revision" : "aae45a320fd0d11811820335b1eabc8753902a40",
        "version" : "9.2.5"
      }
    },
    {
      "identity" : "googlemaps-sp",
      "kind" : "remoteSourceControl",
      "location" : "https://github.com/YAtechnologies/GoogleMaps-SP.git",
      "state" : {
        "revision" : "22045e194cf6baa7dda8f9456f2d6221b228b371",
        "version" : "7.3.0"
      }
    },
    {
      "identity" : "googlesignin-ios",
      "kind" : "remoteSourceControl",
      "location" : "https://github.com/google/GoogleSignIn-iOS.git",
      "state" : {
        "revision" : "9c9b36af86a4dd3da16048a36cf37351e63ccfe1",
        "version" : "6.2.4"
      }
    },
    {
      "identity" : "googleutilities",
      "kind" : "remoteSourceControl",
      "location" : "https://github.com/google/GoogleUtilities.git",
      "state" : {
        "revision" : "bc27fad73504f3d4af235de451f02ee22586ebd3",
        "version" : "7.12.1"
      }
    },
    {
      "identity" : "grpc-ios",
      "kind" : "remoteSourceControl",
      "location" : "https://github.com/grpc/grpc-ios.git",
      "state" : {
        "revision" : "8440b914756e0d26d4f4d054a1c1581daedfc5b6",
        "version" : "1.44.3-grpc"
      }
    },
    {
      "identity" : "gtm-session-fetcher",
      "kind" : "remoteSourceControl",
      "location" : "https://github.com/google/gtm-session-fetcher.git",
      "state" : {
        "revision" : "5ccda3981422a84186387dbb763ba739178b529c",
        "version" : "2.3.0"
      }
    },
    {
      "identity" : "gtmappauth",
      "kind" : "remoteSourceControl",
      "location" : "https://github.com/google/GTMAppAuth.git",
      "state" : {
        "revision" : "6dee0cde8a1b223737a5159e55e6b4ec16bbbdd9",
        "version" : "1.3.1"
      }
    },
    {
      "identity" : "gzipswift",
      "kind" : "remoteSourceControl",
      "location" : "https://github.com/1024jp/GzipSwift.git",
      "state" : {
        "revision" : "7a7f17761c76a932662ab77028a4329f67d645a4",
        "version" : "5.2.0"
      }
    },
    {
      "identity" : "isemojiview",
      "kind" : "remoteSourceControl",
      "location" : "https://github.com/isaced/ISEmojiView.git",
      "state" : {
        "revision" : "4b16e07b9265eedad2ea25b9aa042f230486234f",
        "version" : "0.3.4"
      }
    },
    {
      "identity" : "keychainaccess",
      "kind" : "remoteSourceControl",
      "location" : "https://github.com/kishikawakatsumi/KeychainAccess.git",
      "state" : {
        "revision" : "84e546727d66f1adc5439debad16270d0fdd04e7",
        "version" : "4.2.2"
      }
    },
    {
      "identity" : "kingfisher",
      "kind" : "remoteSourceControl",
      "location" : "https://github.com/onevcat/Kingfisher.git",
      "state" : {
        "revision" : "277f1ab2c6664b19b4a412e32b094b201e2d5757",
        "version" : "7.10.0"
      }
    },
    {
      "identity" : "leveldb",
      "kind" : "remoteSourceControl",
      "location" : "https://github.com/firebase/leveldb.git",
      "state" : {
        "revision" : "9d108e9112aa1d65ce508facf804674546116d9c",
        "version" : "1.22.3"
      }
    },
    {
      "identity" : "lottie-ios",
      "kind" : "remoteSourceControl",
      "location" : "https://github.com/airbnb/lottie-ios.git",
      "state" : {
        "revision" : "b4bd0604ded9574807f41b4004b57dd1226a30a4",
        "version" : "3.5.0"
      }
    },
    {
      "identity" : "m13checkbox",
      "kind" : "remoteSourceControl",
      "location" : "https://github.com/Marxon13/M13Checkbox.git",
      "state" : {
        "revision" : "96ff6c8862db87095315480a56dcebe51e15dac8",
        "version" : "3.4.1"
      }
    },
    {
      "identity" : "mocker",
      "kind" : "remoteSourceControl",
      "location" : "https://github.com/WeTransfer/Mocker.git",
      "state" : {
        "revision" : "4384e015cae4916a6828252467a4437173c7ae17",
        "version" : "3.0.1"
      }
    },
    {
      "identity" : "nanopb",
      "kind" : "remoteSourceControl",
      "location" : "https://github.com/firebase/nanopb.git",
      "state" : {
        "revision" : "819d0a2173aff699fb8c364b6fb906f7cdb1a692",
        "version" : "2.30909.0"
      }
    },
    {
      "identity" : "nuke",
      "kind" : "remoteSourceControl",
      "location" : "https://github.com/kean/Nuke.git",
      "state" : {
        "revision" : "6001489d22e5f41a4956c1b6cd4cf7cbe8f44dff",
        "version" : "8.4.1"
      }
    },
    {
      "identity" : "promises",
      "kind" : "remoteSourceControl",
      "location" : "https://github.com/google/promises.git",
      "state" : {
        "revision" : "e70e889c0196c76d22759eb50d6a0270ca9f1d9e",
        "version" : "2.3.1"
      }
    },
    {
      "identity" : "reachability.swift",
      "kind" : "remoteSourceControl",
      "location" : "https://github.com/ashleymills/Reachability.swift.git",
      "state" : {
        "revision" : "6c8652a8ea35a64cf36367d07b3d6e5e6a24b272",
        "version" : "4.3.1"
      }
    },
    {
      "identity" : "rxappstate",
      "kind" : "remoteSourceControl",
      "location" : "https://github.com/GetStream/RxAppState.git",
      "state" : {
        "revision" : "102e44f7ff11289e3b39840b275e6a9551130edc",
        "version" : "1.6.0"
      }
    },
    {
      "identity" : "rxgesture",
      "kind" : "remoteSourceControl",
      "location" : "https://github.com/RxSwiftCommunity/RxGesture.git",
      "state" : {
        "revision" : "867f176b6695829e350fafc00b5a849bb46a1857",
        "version" : "3.0.3"
      }
    },
    {
      "identity" : "rxswift",
      "kind" : "remoteSourceControl",
      "location" : "https://github.com/ReactiveX/RxSwift.git",
      "state" : {
        "revision" : "cec68169a048a079f461ba203fe85636548d7a89",
        "version" : "5.1.3"
      }
    },
    {
      "identity" : "sgsegmentedprogressbarlibrary",
      "kind" : "remoteSourceControl",
      "location" : "https://github.com/jonathanhyperion/SGSegmentedProgressBarLibrary.git",
      "state" : {
        "branch" : "master",
        "revision" : "db82cc07faf9242cc3d7426b18714d04c1b6208b"
      }
    },
    {
      "identity" : "skyfloatinglabeltextfield",
      "kind" : "remoteSourceControl",
      "location" : "https://github.com/Skyscanner/SkyFloatingLabelTextField.git",
      "state" : {
        "revision" : "82c0bbbc4e1368901b171292c220690273460f4b",
        "version" : "3.8.0"
      }
    },
    {
      "identity" : "snapkit",
      "kind" : "remoteSourceControl",
      "location" : "https://github.com/SnapKit/SnapKit.git",
      "state" : {
        "revision" : "f222cbdf325885926566172f6f5f06af95473158",
        "version" : "5.6.0"
      }
    },
    {
      "identity" : "starscream",
      "kind" : "remoteSourceControl",
      "location" : "https://github.com/daltoniam/Starscream.git",
      "state" : {
        "revision" : "a063fda2b8145a231953c20e7a646be254365396",
        "version" : "3.1.2"
      }
    },
    {
      "identity" : "stream-chat-swift",
      "kind" : "remoteSourceControl",
      "location" : "https://github.com/GetStream/stream-chat-swift.git",
      "state" : {
        "revision" : "4fe263a49d3405084b054cb2fdf796138eab7579",
        "version" : "1.6.2"
      }
    },
    {
      "identity" : "stripe-ios",
      "kind" : "remoteSourceControl",
      "location" : "https://github.com/stripe/stripe-ios.git",
      "state" : {
        "revision" : "84654fea190b992399d22603a370fc5e3f911486",
        "version" : "21.13.0"
      }
    },
    {
      "identity" : "svprogresshud",
      "kind" : "remoteSourceControl",
      "location" : "https://github.com/SVProgressHUD/SVProgressHUD.git",
      "state" : {
        "revision" : "c33f7c775ba7feea6047a1fc3257f2e5863b44f7",
        "version" : "2.3.1"
      }
    },
    {
      "identity" : "swift-algorithms",
      "kind" : "remoteSourceControl",
      "location" : "https://github.com/apple/swift-algorithms.git",
      "state" : {
        "revision" : "f6919dfc309e7f1b56224378b11e28bab5bccc42",
        "version" : "1.2.0"
      }
    },
    {
      "identity" : "swift-numerics",
      "kind" : "remoteSourceControl",
      "location" : "https://github.com/apple/swift-numerics.git",
      "state" : {
        "revision" : "0a5bc04095a675662cf24757cc0640aa2204253b",
        "version" : "1.0.2"
      }
    },
    {
      "identity" : "swift-protobuf",
      "kind" : "remoteSourceControl",
      "location" : "https://github.com/apple/swift-protobuf.git",
      "state" : {
        "revision" : "07f7f26ded8df9645c072f220378879c4642e063",
        "version" : "1.25.1"
      }
    },
    {
      "identity" : "swiftygif",
      "kind" : "remoteSourceControl",
      "location" : "https://github.com/kirualex/SwiftyGif.git",
      "state" : {
        "revision" : "d6d26061d6553a493781ad3df4a8e275c43fc373",
        "version" : "5.4.4"
      }
    },
    {
      "identity" : "swiftyjson",
      "kind" : "remoteSourceControl",
      "location" : "https://github.com/SwiftyJSON/SwiftyJSON.git",
      "state" : {
        "revision" : "b3dcd7dbd0d488e1a7077cb33b00f2083e382f07",
        "version" : "5.0.1"
      }
    },
    {
      "identity" : "toast-swift",
      "kind" : "remoteSourceControl",
      "location" : "https://github.com/scalessec/Toast-Swift.git",
      "state" : {
        "revision" : "0c9493eeacb102cc614da385cfaaf475379f4ab4",
        "version" : "5.0.1"
      }
    },
    {
      "identity" : "visualeffectview",
      "kind" : "remoteSourceControl",
      "location" : "https://github.com/efremidze/VisualEffectView.git",
      "state" : {
        "revision" : "df0121bbd2bb99c1ccd8eed5c5b932fb1648dfe4",
        "version" : "4.1.5"
      }
    },
    {
      "identity" : "wstagsfield",
      "kind" : "remoteSourceControl",
      "location" : "https://github.com/whitesmith/WSTagsField.git",
      "state" : {
        "revision" : "4a3f36d1903554bb6b65df0e7936df9bb95d7525",
        "version" : "5.4.0"
      }
    },
    {
      "identity" : "zswtappablelabel",
      "kind" : "remoteSourceControl",
      "location" : "https://github.com/zacwest/ZSWTappableLabel.git",
      "state" : {
        "revision" : "53ab6fc7092537a3951cf3c1efa68fbbe7434ca8",
        "version" : "3.3.2"
      }
    }
  ],
  "version" : 2
}
